
Microsoft Visual Studio Solution File, Format Version 12.00
# Visual Studio Version 16
VisualStudioVersion = 16.0.33214.272
MinimumVisualStudioVersion = 10.0.40219.1
Project("{FAE04EC0-301F-11D3-BF4B-00C04F79EFBC}") = "Mission6_nsweiler", "Mission6_nsweiler\Mission6_nsweiler.csproj", "{6F29F0B7-6DE6-4438-9593-C75AFF377ACF}"
EndProject
Global
	GlobalSection(SolutionConfigurationPlatforms) = preSolution
		Debug|Any CPU = Debug|Any CPU
		Release|Any CPU = Release|Any CPU
	EndGlobalSection
	GlobalSection(ProjectConfigurationPlatforms) = postSolution
		{6F29F0B7-6DE6-4438-9593-C75AFF377ACF}.Debug|Any CPU.ActiveCfg = Debug|Any CPU
		{6F29F0B7-6DE6-4438-9593-C75AFF377ACF}.Debug|Any CPU.Build.0 = Debug|Any CPU
		{6F29F0B7-6DE6-4438-9593-C75AFF377ACF}.Release|Any CPU.ActiveCfg = Release|Any CPU
		{6F29F0B7-6DE6-4438-9593-C75AFF377ACF}.Release|Any CPU.Build.0 = Release|Any CPU
	EndGlobalSection
	GlobalSection(SolutionProperties) = preSolution
		HideSolutionNode = FALSE
	EndGlobalSection
	GlobalSection(ExtensibilityGlobals) = postSolution
		SolutionGuid = {B73F9839-AB34-445B-8F62-2EBD874683F5}
	EndGlobalSection
EndGlobal
